
Microsoft Visual Studio Solution File, Format Version 12.00
# Visual Studio Version 17
VisualStudioVersion = 17.9.34728.123
MinimumVisualStudioVersion = 10.0.40219.1
Project("{FAE04EC0-301F-11D3-BF4B-00C04F79EFBC}") = "BookBazaar", "BookBazaar.csproj", "{CC951639-7EB8-4A0B-B369-B066879BFC4D}"
EndProject
Global
	GlobalSection(SolutionConfigurationPlatforms) = preSolution
		Debug|Any CPU = Debug|Any CPU
		Release|Any CPU = Release|Any CPU
	EndGlobalSection
	GlobalSection(ProjectConfigurationPlatforms) = postSolution
		{CC951639-7EB8-4A0B-B369-B066879BFC4D}.Debug|Any CPU.ActiveCfg = Debug|Any CPU
		{CC951639-7EB8-4A0B-B369-B066879BFC4D}.Debug|Any CPU.Build.0 = Debug|Any CPU
		{CC951639-7EB8-4A0B-B369-B066879BFC4D}.Release|Any CPU.ActiveCfg = Release|Any CPU
		{CC951639-7EB8-4A0B-B369-B066879BFC4D}.Release|Any CPU.Build.0 = Release|Any CPU
	EndGlobalSection
	GlobalSection(SolutionProperties) = preSolution
		HideSolutionNode = FALSE
	EndGlobalSection
	GlobalSection(ExtensibilityGlobals) = postSolution
		SolutionGuid = {2F729431-0517-4D0F-9F3C-F63BC770E5BA}
	EndGlobalSection
EndGlobal
